# This file is autogenerated, do not edit; changes may be undone by the next 'dep ensure'.


[[projects]]
  digest = "1:bb4e62c5752210101d4c2744d1d13650efb1c960f63e348626ff43e4444581a9"
  name = "github.com/aws/aws-lambda-go"
  packages = [
    "events",
    "lambda",
    "lambda/handlertrace",
    "lambda/messages",
    "lambdacontext",
  ]
  pruneopts = ""
  revision = "eebb9958b0b4c19edcfdff58326d0bf40e8ddf6b"
  version = "v1.19.0"

[solve-meta]
  analyzer-name = "dep"
  analyzer-version = 1
  input-imports = [
    "github.com/aws/aws-lambda-go/events",
    "github.com/aws/aws-lambda-go/lambda",
  ]
  solver-name = "gps-cdcl"
  solver-version = 1
